// !$*UTF8*$!
{
	archiveVersion = 1;
	classes = {
	};
	objectVersion = 55;
	objects = {

/* Begin PBXBuildFile section */
		305A9B60FE0083A9C59565A1 /* Pods_GitHubSearchApp.framework in Frameworks */ = {isa = PBXBuildFile; fileRef = DD114E3CA79FFBFE995E7EF7 /* Pods_GitHubSearchApp.framework */; };
		BD0A632A28F7DFE400C080A5 /* AppDelegate.swift in Sources */ = {isa = PBXBuildFile; fileRef = BD0A632928F7DFE400C080A5 /* AppDelegate.swift */; };
		BD0A632C28F7DFE400C080A5 /* SceneDelegate.swift in Sources */ = {isa = PBXBuildFile; fileRef = BD0A632B28F7DFE400C080A5 /* SceneDelegate.swift */; };
		BD0A633328F7DFE600C080A5 /* Assets.xcassets in Resources */ = {isa = PBXBuildFile; fileRef = BD0A633228F7DFE600C080A5 /* Assets.xcassets */; };
		BD0A633628F7DFE600C080A5 /* LaunchScreen.storyboard in Resources */ = {isa = PBXBuildFile; fileRef = BD0A633428F7DFE600C080A5 /* LaunchScreen.storyboard */; };
		BD0A633E28F7E25E00C080A5 /* TabBarController.swift in Sources */ = {isa = PBXBuildFile; fileRef = BD0A633D28F7E25E00C080A5 /* TabBarController.swift */; };
		BD0A634028F7E2D500C080A5 /* SearchRepoViewController.swift in Sources */ = {isa = PBXBuildFile; fileRef = BD0A633F28F7E2D500C080A5 /* SearchRepoViewController.swift */; };
		BD0A634228F7E32700C080A5 /* FavoriteRepoViewController.swift in Sources */ = {isa = PBXBuildFile; fileRef = BD0A634128F7E32700C080A5 /* FavoriteRepoViewController.swift */; };
		BD2E243B28FFD349003513B0 /* MockURLSession.swift in Sources */ = {isa = PBXBuildFile; fileRef = BD2E243A28FFD349003513B0 /* MockURLSession.swift */; };
		BD2E243D28FFE7FE003513B0 /* SearchRepoViewModel.swift in Sources */ = {isa = PBXBuildFile; fileRef = BD2E243C28FFE7FE003513B0 /* SearchRepoViewModel.swift */; };
		BD2E244229000FD9003513B0 /* Property.swift in Sources */ = {isa = PBXBuildFile; fileRef = BD2E244129000FD9003513B0 /* Property.swift */; };
		BD33FB9528FEBB0D00F42776 /* APIEndpoints.swift in Sources */ = {isa = PBXBuildFile; fileRef = BD33FB9428FEBB0D00F42776 /* APIEndpoints.swift */; };
		BD33FB9728FEC5CE00F42776 /* MockData.swift in Sources */ = {isa = PBXBuildFile; fileRef = BD33FB9628FEC5CE00F42776 /* MockData.swift */; };
		BD7A22C529027708006AFC5C /* MySection.swift in Sources */ = {isa = PBXBuildFile; fileRef = BD7A22C429027708006AFC5C /* MySection.swift */; };
		BD7A22FC290403B7006AFC5C /* DefaultRepoGateway.swift in Sources */ = {isa = PBXBuildFile; fileRef = BD7A22FB290403B7006AFC5C /* DefaultRepoGateway.swift */; };
		BD7A22FF29040E20006AFC5C /* DefaultRepoUseCase.swift in Sources */ = {isa = PBXBuildFile; fileRef = BD7A22FE29040E20006AFC5C /* DefaultRepoUseCase.swift */; };
		BD7A230229066EF1006AFC5C /* URLSessionable.swift in Sources */ = {isa = PBXBuildFile; fileRef = BD7A230129066EF1006AFC5C /* URLSessionable.swift */; };
		BD7A230429067298006AFC5C /* ViewModelType.swift in Sources */ = {isa = PBXBuildFile; fileRef = BD7A230329067298006AFC5C /* ViewModelType.swift */; };
		BDBFB70128FD9BD90071FA1C /* SearchRepoRequestDTO.swift in Sources */ = {isa = PBXBuildFile; fileRef = BDBFB70028FD9BD90071FA1C /* SearchRepoRequestDTO.swift */; };
		BDC09EBE28FCDA950024507F /* Endpoint.swift in Sources */ = {isa = PBXBuildFile; fileRef = BDC09EBD28FCDA940024507F /* Endpoint.swift */; };
		BDC09EC028FD20AD0024507F /* Requestable.swift in Sources */ = {isa = PBXBuildFile; fileRef = BDC09EBF28FD20AD0024507F /* Requestable.swift */; };
		BDC09EC228FD228C0024507F /* NetworkError.swift in Sources */ = {isa = PBXBuildFile; fileRef = BDC09EC128FD228C0024507F /* NetworkError.swift */; };
		BDC09EC628FD273B0024507F /* Provider.swift in Sources */ = {isa = PBXBuildFile; fileRef = BDC09EC528FD273B0024507F /* Provider.swift */; };
		BDC09EC828FD280C0024507F /* Responsable.swift in Sources */ = {isa = PBXBuildFile; fileRef = BDC09EC728FD280C0024507F /* Responsable.swift */; };
		BDC09ED028FD2E790024507F /* GitHubSearchAppTests.swift in Sources */ = {isa = PBXBuildFile; fileRef = BDC09ECF28FD2E790024507F /* GitHubSearchAppTests.swift */; };
		BDC09EFB28FD56CA0024507F /* SearchRepoResponseDTO.swift in Sources */ = {isa = PBXBuildFile; fileRef = BDC09EFA28FD56CA0024507F /* SearchRepoResponseDTO.swift */; };
		BDC09EFF28FD59C60024507F /* Repository.swift in Sources */ = {isa = PBXBuildFile; fileRef = BDC09EFE28FD59C60024507F /* Repository.swift */; };
		F81208C461FC6660A2737111 /* Pods_GitHubSearchAppTests.framework in Frameworks */ = {isa = PBXBuildFile; fileRef = 067BC383C3DCAF581F361FE8 /* Pods_GitHubSearchAppTests.framework */; };
/* End PBXBuildFile section */

/* Begin PBXContainerItemProxy section */
		BDC09ED128FD2E790024507F /* PBXContainerItemProxy */ = {
			isa = PBXContainerItemProxy;
			containerPortal = BD0A631E28F7DFE400C080A5 /* Project object */;
			proxyType = 1;
			remoteGlobalIDString = BD0A632528F7DFE400C080A5;
			remoteInfo = GitHubSearchApp;
		};
/* End PBXContainerItemProxy section */

/* Begin PBXFileReference section */
		067BC383C3DCAF581F361FE8 /* Pods_GitHubSearchAppTests.framework */ = {isa = PBXFileReference; explicitFileType = wrapper.framework; includeInIndex = 0; path = Pods_GitHubSearchAppTests.framework; sourceTree = BUILT_PRODUCTS_DIR; };
		1610CF9C23186786053799B8 /* Pods-GitHubSearchApp.debug.xcconfig */ = {isa = PBXFileReference; includeInIndex = 1; lastKnownFileType = text.xcconfig; name = "Pods-GitHubSearchApp.debug.xcconfig"; path = "Target Support Files/Pods-GitHubSearchApp/Pods-GitHubSearchApp.debug.xcconfig"; sourceTree = "<group>"; };
		39E34C15EAAFA15B88E4D462 /* Pods-GitHubSearchAppTests.release.xcconfig */ = {isa = PBXFileReference; includeInIndex = 1; lastKnownFileType = text.xcconfig; name = "Pods-GitHubSearchAppTests.release.xcconfig"; path = "Target Support Files/Pods-GitHubSearchAppTests/Pods-GitHubSearchAppTests.release.xcconfig"; sourceTree = "<group>"; };
		48DEEDB577F67690C9B810AD /* Pods-GitHubSearchApp.release.xcconfig */ = {isa = PBXFileReference; includeInIndex = 1; lastKnownFileType = text.xcconfig; name = "Pods-GitHubSearchApp.release.xcconfig"; path = "Target Support Files/Pods-GitHubSearchApp/Pods-GitHubSearchApp.release.xcconfig"; sourceTree = "<group>"; };
		B119DB6275908EC99F5DDDE2 /* Pods-GitHubSearchAppTests.debug.xcconfig */ = {isa = PBXFileReference; includeInIndex = 1; lastKnownFileType = text.xcconfig; name = "Pods-GitHubSearchAppTests.debug.xcconfig"; path = "Target Support Files/Pods-GitHubSearchAppTests/Pods-GitHubSearchAppTests.debug.xcconfig"; sourceTree = "<group>"; };
		BD0A632628F7DFE400C080A5 /* GitHubSearchApp.app */ = {isa = PBXFileReference; explicitFileType = wrapper.application; includeInIndex = 0; path = GitHubSearchApp.app; sourceTree = BUILT_PRODUCTS_DIR; };
		BD0A632928F7DFE400C080A5 /* AppDelegate.swift */ = {isa = PBXFileReference; lastKnownFileType = sourcecode.swift; path = AppDelegate.swift; sourceTree = "<group>"; };
		BD0A632B28F7DFE400C080A5 /* SceneDelegate.swift */ = {isa = PBXFileReference; lastKnownFileType = sourcecode.swift; path = SceneDelegate.swift; sourceTree = "<group>"; };
		BD0A633228F7DFE600C080A5 /* Assets.xcassets */ = {isa = PBXFileReference; lastKnownFileType = folder.assetcatalog; path = Assets.xcassets; sourceTree = "<group>"; };
		BD0A633528F7DFE600C080A5 /* Base */ = {isa = PBXFileReference; lastKnownFileType = file.storyboard; name = Base; path = Base.lproj/LaunchScreen.storyboard; sourceTree = "<group>"; };
		BD0A633728F7DFE600C080A5 /* Info.plist */ = {isa = PBXFileReference; lastKnownFileType = text.plist.xml; path = Info.plist; sourceTree = "<group>"; };
		BD0A633D28F7E25E00C080A5 /* TabBarController.swift */ = {isa = PBXFileReference; lastKnownFileType = sourcecode.swift; path = TabBarController.swift; sourceTree = "<group>"; };
		BD0A633F28F7E2D500C080A5 /* SearchRepoViewController.swift */ = {isa = PBXFileReference; lastKnownFileType = sourcecode.swift; path = SearchRepoViewController.swift; sourceTree = "<group>"; };
		BD0A634128F7E32700C080A5 /* FavoriteRepoViewController.swift */ = {isa = PBXFileReference; lastKnownFileType = sourcecode.swift; path = FavoriteRepoViewController.swift; sourceTree = "<group>"; };
		BD2E243A28FFD349003513B0 /* MockURLSession.swift */ = {isa = PBXFileReference; lastKnownFileType = sourcecode.swift; path = MockURLSession.swift; sourceTree = "<group>"; };
		BD2E243C28FFE7FE003513B0 /* SearchRepoViewModel.swift */ = {isa = PBXFileReference; lastKnownFileType = sourcecode.swift; path = SearchRepoViewModel.swift; sourceTree = "<group>"; };
		BD2E244129000FD9003513B0 /* Property.swift */ = {isa = PBXFileReference; lastKnownFileType = sourcecode.swift; path = Property.swift; sourceTree = "<group>"; };
		BD33FB9428FEBB0D00F42776 /* APIEndpoints.swift */ = {isa = PBXFileReference; lastKnownFileType = sourcecode.swift; path = APIEndpoints.swift; sourceTree = "<group>"; };
		BD33FB9628FEC5CE00F42776 /* MockData.swift */ = {isa = PBXFileReference; lastKnownFileType = sourcecode.swift; path = MockData.swift; sourceTree = "<group>"; };
		BD7A22C429027708006AFC5C /* MySection.swift */ = {isa = PBXFileReference; lastKnownFileType = sourcecode.swift; path = MySection.swift; sourceTree = "<group>"; };
		BD7A22FB290403B7006AFC5C /* DefaultRepoGateway.swift */ = {isa = PBXFileReference; lastKnownFileType = sourcecode.swift; path = DefaultRepoGateway.swift; sourceTree = "<group>"; };
		BD7A22FE29040E20006AFC5C /* DefaultRepoUseCase.swift */ = {isa = PBXFileReference; lastKnownFileType = sourcecode.swift; path = DefaultRepoUseCase.swift; sourceTree = "<group>"; };
		BD7A230129066EF1006AFC5C /* URLSessionable.swift */ = {isa = PBXFileReference; lastKnownFileType = sourcecode.swift; path = URLSessionable.swift; sourceTree = "<group>"; };
		BD7A230329067298006AFC5C /* ViewModelType.swift */ = {isa = PBXFileReference; lastKnownFileType = sourcecode.swift; path = ViewModelType.swift; sourceTree = "<group>"; };
		BDBFB70028FD9BD90071FA1C /* SearchRepoRequestDTO.swift */ = {isa = PBXFileReference; lastKnownFileType = sourcecode.swift; path = SearchRepoRequestDTO.swift; sourceTree = "<group>"; };
		BDC09EBD28FCDA940024507F /* Endpoint.swift */ = {isa = PBXFileReference; lastKnownFileType = sourcecode.swift; path = Endpoint.swift; sourceTree = "<group>"; };
		BDC09EBF28FD20AD0024507F /* Requestable.swift */ = {isa = PBXFileReference; lastKnownFileType = sourcecode.swift; path = Requestable.swift; sourceTree = "<group>"; };
		BDC09EC128FD228C0024507F /* NetworkError.swift */ = {isa = PBXFileReference; lastKnownFileType = sourcecode.swift; path = NetworkError.swift; sourceTree = "<group>"; };
		BDC09EC528FD273B0024507F /* Provider.swift */ = {isa = PBXFileReference; lastKnownFileType = sourcecode.swift; path = Provider.swift; sourceTree = "<group>"; };
		BDC09EC728FD280C0024507F /* Responsable.swift */ = {isa = PBXFileReference; lastKnownFileType = sourcecode.swift; path = Responsable.swift; sourceTree = "<group>"; };
		BDC09ECD28FD2E790024507F /* GitHubSearchAppTests.xctest */ = {isa = PBXFileReference; explicitFileType = wrapper.cfbundle; includeInIndex = 0; path = GitHubSearchAppTests.xctest; sourceTree = BUILT_PRODUCTS_DIR; };
		BDC09ECF28FD2E790024507F /* GitHubSearchAppTests.swift */ = {isa = PBXFileReference; lastKnownFileType = sourcecode.swift; path = GitHubSearchAppTests.swift; sourceTree = "<group>"; };
		BDC09EFA28FD56CA0024507F /* SearchRepoResponseDTO.swift */ = {isa = PBXFileReference; lastKnownFileType = sourcecode.swift; path = SearchRepoResponseDTO.swift; sourceTree = "<group>"; };
		BDC09EFE28FD59C60024507F /* Repository.swift */ = {isa = PBXFileReference; lastKnownFileType = sourcecode.swift; path = Repository.swift; sourceTree = "<group>"; };
		BDE6379028FD6FBE001EEB7B /* RxSwift.framework */ = {isa = PBXFileReference; explicitFileType = wrapper.framework; path = RxSwift.framework; sourceTree = BUILT_PRODUCTS_DIR; };
		BDE6379228FD6FC8001EEB7B /* RxRelay.framework */ = {isa = PBXFileReference; explicitFileType = wrapper.framework; path = RxRelay.framework; sourceTree = BUILT_PRODUCTS_DIR; };
		BDE6379428FD6FD0001EEB7B /* RxCocoa.framework */ = {isa = PBXFileReference; explicitFileType = wrapper.framework; path = RxCocoa.framework; sourceTree = BUILT_PRODUCTS_DIR; };
		DD114E3CA79FFBFE995E7EF7 /* Pods_GitHubSearchApp.framework */ = {isa = PBXFileReference; explicitFileType = wrapper.framework; includeInIndex = 0; path = Pods_GitHubSearchApp.framework; sourceTree = BUILT_PRODUCTS_DIR; };
/* End PBXFileReference section */

/* Begin PBXFrameworksBuildPhase section */
		BD0A632328F7DFE400C080A5 /* Frameworks */ = {
			isa = PBXFrameworksBuildPhase;
			buildActionMask = 2147483647;
			files = (
				305A9B60FE0083A9C59565A1 /* Pods_GitHubSearchApp.framework in Frameworks */,
			);
			runOnlyForDeploymentPostprocessing = 0;
		};
		BDC09ECA28FD2E790024507F /* Frameworks */ = {
			isa = PBXFrameworksBuildPhase;
			buildActionMask = 2147483647;
			files = (
				F81208C461FC6660A2737111 /* Pods_GitHubSearchAppTests.framework in Frameworks */,
			);
			runOnlyForDeploymentPostprocessing = 0;
		};
/* End PBXFrameworksBuildPhase section */

/* Begin PBXGroup section */
		06AA8F7B0294E1ED747C8158 /* Pods */ = {
			isa = PBXGroup;
			children = (
				1610CF9C23186786053799B8 /* Pods-GitHubSearchApp.debug.xcconfig */,
				48DEEDB577F67690C9B810AD /* Pods-GitHubSearchApp.release.xcconfig */,
				B119DB6275908EC99F5DDDE2 /* Pods-GitHubSearchAppTests.debug.xcconfig */,
				39E34C15EAAFA15B88E4D462 /* Pods-GitHubSearchAppTests.release.xcconfig */,
			);
			path = Pods;
			sourceTree = "<group>";
		};
		BD0A631D28F7DFE400C080A5 = {
			isa = PBXGroup;
			children = (
				BD0A632828F7DFE400C080A5 /* GitHubSearchApp */,
				BDC09ECE28FD2E790024507F /* GitHubSearchAppTests */,
				BD0A632728F7DFE400C080A5 /* Products */,
				06AA8F7B0294E1ED747C8158 /* Pods */,
				DE27F3B76C10F7AD0449DD60 /* Frameworks */,
			);
			sourceTree = "<group>";
		};
		BD0A632728F7DFE400C080A5 /* Products */ = {
			isa = PBXGroup;
			children = (
				BD0A632628F7DFE400C080A5 /* GitHubSearchApp.app */,
				BDC09ECD28FD2E790024507F /* GitHubSearchAppTests.xctest */,
			);
			name = Products;
			sourceTree = "<group>";
		};
		BD0A632828F7DFE400C080A5 /* GitHubSearchApp */ = {
			isa = PBXGroup;
			children = (
				BDC09EFC28FD59AF0024507F /* Domain */,
				BDC09EF728FD569D0024507F /* Data */,
				BD0A634328F7EEDA00C080A5 /* Presentation */,
				BDC09EBB28FCDA790024507F /* Infrastructure */,
				BD2E243E29000F9D003513B0 /* Support */,
				BD0A634628F7EF4800C080A5 /* Application */,
				BDC09EC328FD233F0024507F /* Resources */,
			);
			path = GitHubSearchApp;
			sourceTree = "<group>";
		};
		BD0A634328F7EEDA00C080A5 /* Presentation */ = {
			isa = PBXGroup;
			children = (
				BD0A633D28F7E25E00C080A5 /* TabBarController.swift */,
				BD0A634428F7EEE400C080A5 /* SearchRepo */,
				BD0A634528F7EEF000C080A5 /* FavoriteRepo */,
				BD7A230329067298006AFC5C /* ViewModelType.swift */,
				BD7A22C429027708006AFC5C /* MySection.swift */,
			);
			path = Presentation;
			sourceTree = "<group>";
		};
		BD0A634428F7EEE400C080A5 /* SearchRepo */ = {
			isa = PBXGroup;
			children = (
				BD0A633F28F7E2D500C080A5 /* SearchRepoViewController.swift */,
				BD2E243C28FFE7FE003513B0 /* SearchRepoViewModel.swift */,
			);
			path = SearchRepo;
			sourceTree = "<group>";
		};
		BD0A634528F7EEF000C080A5 /* FavoriteRepo */ = {
			isa = PBXGroup;
			children = (
				BD0A634128F7E32700C080A5 /* FavoriteRepoViewController.swift */,
			);
			path = FavoriteRepo;
			sourceTree = "<group>";
		};
		BD0A634628F7EF4800C080A5 /* Application */ = {
			isa = PBXGroup;
			children = (
				BD0A632928F7DFE400C080A5 /* AppDelegate.swift */,
				BD0A632B28F7DFE400C080A5 /* SceneDelegate.swift */,
			);
			path = Application;
			sourceTree = "<group>";
		};
		BD2E243E29000F9D003513B0 /* Support */ = {
			isa = PBXGroup;
			children = (
				BD2E244129000FD9003513B0 /* Property.swift */,
			);
			path = Support;
			sourceTree = "<group>";
		};
		BD33FB9228FEBABA00F42776 /* Common */ = {
			isa = PBXGroup;
			children = (
				BDC09EC128FD228C0024507F /* NetworkError.swift */,
			);
			path = Common;
			sourceTree = "<group>";
		};
		BD33FB9328FEBAFF00F42776 /* APIEndpoints */ = {
			isa = PBXGroup;
			children = (
				BD33FB9428FEBB0D00F42776 /* APIEndpoints.swift */,
			);
			path = APIEndpoints;
			sourceTree = "<group>";
		};
		BD7A22FA29040398006AFC5C /* Gateways */ = {
			isa = PBXGroup;
			children = (
				BD7A22FB290403B7006AFC5C /* DefaultRepoGateway.swift */,
			);
			path = Gateways;
			sourceTree = "<group>";
		};
		BD7A22FD29040DF3006AFC5C /* UseCases */ = {
			isa = PBXGroup;
			children = (
				BD7A22FE29040E20006AFC5C /* DefaultRepoUseCase.swift */,
			);
			path = UseCases;
			sourceTree = "<group>";
		};
		BDC09EBB28FCDA790024507F /* Infrastructure */ = {
			isa = PBXGroup;
			children = (
				BD33FB9228FEBABA00F42776 /* Common */,
				BDC09EC428FD27340024507F /* Provider */,
				BDC09EBC28FCDA890024507F /* Endpoint */,
			);
			path = Infrastructure;
			sourceTree = "<group>";
		};
		BDC09EBC28FCDA890024507F /* Endpoint */ = {
			isa = PBXGroup;
			children = (
				BDC09EBD28FCDA940024507F /* Endpoint.swift */,
				BDC09EBF28FD20AD0024507F /* Requestable.swift */,
				BDC09EC728FD280C0024507F /* Responsable.swift */,
			);
			path = Endpoint;
			sourceTree = "<group>";
		};
		BDC09EC328FD233F0024507F /* Resources */ = {
			isa = PBXGroup;
			children = (
				BD0A633228F7DFE600C080A5 /* Assets.xcassets */,
				BD0A633428F7DFE600C080A5 /* LaunchScreen.storyboard */,
				BD0A633728F7DFE600C080A5 /* Info.plist */,
			);
			path = Resources;
			sourceTree = "<group>";
		};
		BDC09EC428FD27340024507F /* Provider */ = {
			isa = PBXGroup;
			children = (
				BDC09EC528FD273B0024507F /* Provider.swift */,
				BD7A230129066EF1006AFC5C /* URLSessionable.swift */,
			);
			path = Provider;
			sourceTree = "<group>";
		};
		BDC09ECE28FD2E790024507F /* GitHubSearchAppTests */ = {
			isa = PBXGroup;
			children = (
				BDC09ECF28FD2E790024507F /* GitHubSearchAppTests.swift */,
				BD2E243A28FFD349003513B0 /* MockURLSession.swift */,
				BD33FB9628FEC5CE00F42776 /* MockData.swift */,
			);
			path = GitHubSearchAppTests;
			sourceTree = "<group>";
		};
		BDC09EF728FD569D0024507F /* Data */ = {
			isa = PBXGroup;
			children = (
				BD7A22FA29040398006AFC5C /* Gateways */,
				BDC09EF828FD56A10024507F /* Network */,
			);
			path = Data;
			sourceTree = "<group>";
		};
		BDC09EF828FD56A10024507F /* Network */ = {
			isa = PBXGroup;
			children = (
				BD33FB9328FEBAFF00F42776 /* APIEndpoints */,
				BDC09EF928FD56A90024507F /* DataMapping */,
			);
			path = Network;
			sourceTree = "<group>";
		};
		BDC09EF928FD56A90024507F /* DataMapping */ = {
			isa = PBXGroup;
			children = (
				BDC09EFA28FD56CA0024507F /* SearchRepoResponseDTO.swift */,
				BDBFB70028FD9BD90071FA1C /* SearchRepoRequestDTO.swift */,
			);
			path = DataMapping;
			sourceTree = "<group>";
		};
		BDC09EFC28FD59AF0024507F /* Domain */ = {
			isa = PBXGroup;
			children = (
				BD7A22FD29040DF3006AFC5C /* UseCases */,
				BDC09EFD28FD59BC0024507F /* Entities */,
			);
			path = Domain;
			sourceTree = "<group>";
		};
		BDC09EFD28FD59BC0024507F /* Entities */ = {
			isa = PBXGroup;
			children = (
				BDC09EFE28FD59C60024507F /* Repository.swift */,
			);
			path = Entities;
			sourceTree = "<group>";
		};
		DE27F3B76C10F7AD0449DD60 /* Frameworks */ = {
			isa = PBXGroup;
			children = (
				BDE6379428FD6FD0001EEB7B /* RxCocoa.framework */,
				BDE6379228FD6FC8001EEB7B /* RxRelay.framework */,
				BDE6379028FD6FBE001EEB7B /* RxSwift.framework */,
				DD114E3CA79FFBFE995E7EF7 /* Pods_GitHubSearchApp.framework */,
				067BC383C3DCAF581F361FE8 /* Pods_GitHubSearchAppTests.framework */,
			);
			name = Frameworks;
			sourceTree = "<group>";
		};
/* End PBXGroup section */

/* Begin PBXNativeTarget section */
		BD0A632528F7DFE400C080A5 /* GitHubSearchApp */ = {
			isa = PBXNativeTarget;
			buildConfigurationList = BD0A633A28F7DFE600C080A5 /* Build configuration list for PBXNativeTarget "GitHubSearchApp" */;
			buildPhases = (
				2CED82E3CC79E75940B67D93 /* [CP] Check Pods Manifest.lock */,
				BD0A632228F7DFE400C080A5 /* Sources */,
				BD0A632328F7DFE400C080A5 /* Frameworks */,
				BD0A632428F7DFE400C080A5 /* Resources */,
				EEE3FC2CEEBBA90EDE4BAB2A /* [CP] Embed Pods Frameworks */,
			);
			buildRules = (
			);
			dependencies = (
			);
			name = GitHubSearchApp;
			productName = GitHubSearchApp;
			productReference = BD0A632628F7DFE400C080A5 /* GitHubSearchApp.app */;
			productType = "com.apple.product-type.application";
		};
		BDC09ECC28FD2E790024507F /* GitHubSearchAppTests */ = {
			isa = PBXNativeTarget;
			buildConfigurationList = BDC09ED328FD2E790024507F /* Build configuration list for PBXNativeTarget "GitHubSearchAppTests" */;
			buildPhases = (
				433FFF76FC6A46AA0469CC10 /* [CP] Check Pods Manifest.lock */,
				BDC09EC928FD2E790024507F /* Sources */,
				BDC09ECA28FD2E790024507F /* Frameworks */,
				BDC09ECB28FD2E790024507F /* Resources */,
				AF3A782EE6EAF0E3CF26AB74 /* [CP] Embed Pods Frameworks */,
			);
			buildRules = (
			);
			dependencies = (
				BDC09ED228FD2E790024507F /* PBXTargetDependency */,
			);
			name = GitHubSearchAppTests;
			productName = GitHubSearchAppTests;
			productReference = BDC09ECD28FD2E790024507F /* GitHubSearchAppTests.xctest */;
			productType = "com.apple.product-type.bundle.unit-test";
		};
/* End PBXNativeTarget section */

/* Begin PBXProject section */
		BD0A631E28F7DFE400C080A5 /* Project object */ = {
			isa = PBXProject;
			attributes = {
				BuildIndependentTargetsInParallel = 1;
				LastSwiftUpdateCheck = 1330;
				LastUpgradeCheck = 1330;
				TargetAttributes = {
					BD0A632528F7DFE400C080A5 = {
						CreatedOnToolsVersion = 13.3;
					};
					BDC09ECC28FD2E790024507F = {
						CreatedOnToolsVersion = 13.3;
						TestTargetID = BD0A632528F7DFE400C080A5;
					};
				};
			};
			buildConfigurationList = BD0A632128F7DFE400C080A5 /* Build configuration list for PBXProject "GitHubSearchApp" */;
			compatibilityVersion = "Xcode 13.0";
			developmentRegion = en;
			hasScannedForEncodings = 0;
			knownRegions = (
				en,
				Base,
			);
			mainGroup = BD0A631D28F7DFE400C080A5;
			productRefGroup = BD0A632728F7DFE400C080A5 /* Products */;
			projectDirPath = "";
			projectRoot = "";
			targets = (
				BD0A632528F7DFE400C080A5 /* GitHubSearchApp */,
				BDC09ECC28FD2E790024507F /* GitHubSearchAppTests */,
			);
		};
/* End PBXProject section */

/* Begin PBXResourcesBuildPhase section */
		BD0A632428F7DFE400C080A5 /* Resources */ = {
			isa = PBXResourcesBuildPhase;
			buildActionMask = 2147483647;
			files = (
				BD0A633628F7DFE600C080A5 /* LaunchScreen.storyboard in Resources */,
				BD0A633328F7DFE600C080A5 /* Assets.xcassets in Resources */,
			);
			runOnlyForDeploymentPostprocessing = 0;
		};
		BDC09ECB28FD2E790024507F /* Resources */ = {
			isa = PBXResourcesBuildPhase;
			buildActionMask = 2147483647;
			files = (
			);
			runOnlyForDeploymentPostprocessing = 0;
		};
/* End PBXResourcesBuildPhase section */

/* Begin PBXShellScriptBuildPhase section */
		2CED82E3CC79E75940B67D93 /* [CP] Check Pods Manifest.lock */ = {
			isa = PBXShellScriptBuildPhase;
			buildActionMask = 2147483647;
			files = (
			);
			inputFileListPaths = (
			);
			inputPaths = (
				"${PODS_PODFILE_DIR_PATH}/Podfile.lock",
				"${PODS_ROOT}/Manifest.lock",
			);
			name = "[CP] Check Pods Manifest.lock";
			outputFileListPaths = (
			);
			outputPaths = (
				"$(DERIVED_FILE_DIR)/Pods-GitHubSearchApp-checkManifestLockResult.txt",
			);
			runOnlyForDeploymentPostprocessing = 0;
			shellPath = /bin/sh;
			shellScript = "diff \"${PODS_PODFILE_DIR_PATH}/Podfile.lock\" \"${PODS_ROOT}/Manifest.lock\" > /dev/null\nif [ $? != 0 ] ; then\n    # print error to STDERR\n    echo \"error: The sandbox is not in sync with the Podfile.lock. Run 'pod install' or update your CocoaPods installation.\" >&2\n    exit 1\nfi\n# This output is used by Xcode 'outputs' to avoid re-running this script phase.\necho \"SUCCESS\" > \"${SCRIPT_OUTPUT_FILE_0}\"\n";
			showEnvVarsInLog = 0;
		};
		433FFF76FC6A46AA0469CC10 /* [CP] Check Pods Manifest.lock */ = {
			isa = PBXShellScriptBuildPhase;
			buildActionMask = 2147483647;
			files = (
			);
			inputFileListPaths = (
			);
			inputPaths = (
				"${PODS_PODFILE_DIR_PATH}/Podfile.lock",
				"${PODS_ROOT}/Manifest.lock",
			);
			name = "[CP] Check Pods Manifest.lock";
			outputFileListPaths = (
			);
			outputPaths = (
				"$(DERIVED_FILE_DIR)/Pods-GitHubSearchAppTests-checkManifestLockResult.txt",
			);
			runOnlyForDeploymentPostprocessing = 0;
			shellPath = /bin/sh;
			shellScript = "diff \"${PODS_PODFILE_DIR_PATH}/Podfile.lock\" \"${PODS_ROOT}/Manifest.lock\" > /dev/null\nif [ $? != 0 ] ; then\n    # print error to STDERR\n    echo \"error: The sandbox is not in sync with the Podfile.lock. Run 'pod install' or update your CocoaPods installation.\" >&2\n    exit 1\nfi\n# This output is used by Xcode 'outputs' to avoid re-running this script phase.\necho \"SUCCESS\" > \"${SCRIPT_OUTPUT_FILE_0}\"\n";
			showEnvVarsInLog = 0;
		};
		AF3A782EE6EAF0E3CF26AB74 /* [CP] Embed Pods Frameworks */ = {
			isa = PBXShellScriptBuildPhase;
			buildActionMask = 2147483647;
			files = (
			);
			inputFileListPaths = (
				"${PODS_ROOT}/Target Support Files/Pods-GitHubSearchAppTests/Pods-GitHubSearchAppTests-frameworks-${CONFIGURATION}-input-files.xcfilelist",
			);
			name = "[CP] Embed Pods Frameworks";
			outputFileListPaths = (
				"${PODS_ROOT}/Target Support Files/Pods-GitHubSearchAppTests/Pods-GitHubSearchAppTests-frameworks-${CONFIGURATION}-output-files.xcfilelist",
			);
			runOnlyForDeploymentPostprocessing = 0;
			shellPath = /bin/sh;
			shellScript = "\"${PODS_ROOT}/Target Support Files/Pods-GitHubSearchAppTests/Pods-GitHubSearchAppTests-frameworks.sh\"\n";
			showEnvVarsInLog = 0;
		};
		EEE3FC2CEEBBA90EDE4BAB2A /* [CP] Embed Pods Frameworks */ = {
			isa = PBXShellScriptBuildPhase;
			buildActionMask = 2147483647;
			files = (
			);
			inputFileListPaths = (
				"${PODS_ROOT}/Target Support Files/Pods-GitHubSearchApp/Pods-GitHubSearchApp-frameworks-${CONFIGURATION}-input-files.xcfilelist",
			);
			name = "[CP] Embed Pods Frameworks";
			outputFileListPaths = (
				"${PODS_ROOT}/Target Support Files/Pods-GitHubSearchApp/Pods-GitHubSearchApp-frameworks-${CONFIGURATION}-output-files.xcfilelist",
			);
			runOnlyForDeploymentPostprocessing = 0;
			shellPath = /bin/sh;
			shellScript = "\"${PODS_ROOT}/Target Support Files/Pods-GitHubSearchApp/Pods-GitHubSearchApp-frameworks.sh\"\n";
			showEnvVarsInLog = 0;
		};
/* End PBXShellScriptBuildPhase section */

/* Begin PBXSourcesBuildPhase section */
		BD0A632228F7DFE400C080A5 /* Sources */ = {
			isa = PBXSourcesBuildPhase;
			buildActionMask = 2147483647;
			files = (
				BD0A634228F7E32700C080A5 /* FavoriteRepoViewController.swift in Sources */,
				BD33FB9528FEBB0D00F42776 /* APIEndpoints.swift in Sources */,
				BD7A22C529027708006AFC5C /* MySection.swift in Sources */,
				BDC09EC228FD228C0024507F /* NetworkError.swift in Sources */,
				BD7A22FC290403B7006AFC5C /* DefaultRepoGateway.swift in Sources */,
				BDC09EFB28FD56CA0024507F /* SearchRepoResponseDTO.swift in Sources */,
				BD7A230229066EF1006AFC5C /* URLSessionable.swift in Sources */,
				BDC09EC028FD20AD0024507F /* Requestable.swift in Sources */,
				BD0A633E28F7E25E00C080A5 /* TabBarController.swift in Sources */,
				BDC09EC628FD273B0024507F /* Provider.swift in Sources */,
				BD0A632A28F7DFE400C080A5 /* AppDelegate.swift in Sources */,
				BDC09EFF28FD59C60024507F /* Repository.swift in Sources */,
				BD7A22FF29040E20006AFC5C /* DefaultRepoUseCase.swift in Sources */,
				BD2E243D28FFE7FE003513B0 /* SearchRepoViewModel.swift in Sources */,
				BDC09EBE28FCDA950024507F /* Endpoint.swift in Sources */,
				BD0A634028F7E2D500C080A5 /* SearchRepoViewController.swift in Sources */,
				BDC09EC828FD280C0024507F /* Responsable.swift in Sources */,
				BDBFB70128FD9BD90071FA1C /* SearchRepoRequestDTO.swift in Sources */,
				BD2E244229000FD9003513B0 /* Property.swift in Sources */,
				BD0A632C28F7DFE400C080A5 /* SceneDelegate.swift in Sources */,
				BD7A230429067298006AFC5C /* ViewModelType.swift in Sources */,
			);
			runOnlyForDeploymentPostprocessing = 0;
		};
		BDC09EC928FD2E790024507F /* Sources */ = {
			isa = PBXSourcesBuildPhase;
			buildActionMask = 2147483647;
			files = (
				BD2E243B28FFD349003513B0 /* MockURLSession.swift in Sources */,
				BDC09ED028FD2E790024507F /* GitHubSearchAppTests.swift in Sources */,
				BD33FB9728FEC5CE00F42776 /* MockData.swift in Sources */,
			);
			runOnlyForDeploymentPostprocessing = 0;
		};
/* End PBXSourcesBuildPhase section */

/* Begin PBXTargetDependency section */
		BDC09ED228FD2E790024507F /* PBXTargetDependency */ = {
			isa = PBXTargetDependency;
			target = BD0A632528F7DFE400C080A5 /* GitHubSearchApp */;
			targetProxy = BDC09ED128FD2E790024507F /* PBXContainerItemProxy */;
		};
/* End PBXTargetDependency section */

/* Begin PBXVariantGroup section */
		BD0A633428F7DFE600C080A5 /* LaunchScreen.storyboard */ = {
			isa = PBXVariantGroup;
			children = (
				BD0A633528F7DFE600C080A5 /* Base */,
			);
			name = LaunchScreen.storyboard;
			sourceTree = "<group>";
		};
/* End PBXVariantGroup section */

/* Begin XCBuildConfiguration section */
		BD0A633828F7DFE600C080A5 /* Debug */ = {
			isa = XCBuildConfiguration;
			buildSettings = {
				ALWAYS_SEARCH_USER_PATHS = NO;
				CLANG_ANALYZER_NONNULL = YES;
				CLANG_ANALYZER_NUMBER_OBJECT_CONVERSION = YES_AGGRESSIVE;
				CLANG_CXX_LANGUAGE_STANDARD = "gnu++17";
				CLANG_ENABLE_MODULES = YES;
				CLANG_ENABLE_OBJC_ARC = YES;
				CLANG_ENABLE_OBJC_WEAK = YES;
				CLANG_WARN_BLOCK_CAPTURE_AUTORELEASING = YES;
				CLANG_WARN_BOOL_CONVERSION = YES;
				CLANG_WARN_COMMA = YES;
				CLANG_WARN_CONSTANT_CONVERSION = YES;
				CLANG_WARN_DEPRECATED_OBJC_IMPLEMENTATIONS = YES;
				CLANG_WARN_DIRECT_OBJC_ISA_USAGE = YES_ERROR;
				CLANG_WARN_DOCUMENTATION_COMMENTS = YES;
				CLANG_WARN_EMPTY_BODY = YES;
				CLANG_WARN_ENUM_CONVERSION = YES;
				CLANG_WARN_INFINITE_RECURSION = YES;
				CLANG_WARN_INT_CONVERSION = YES;
				CLANG_WARN_NON_LITERAL_NULL_CONVERSION = YES;
				CLANG_WARN_OBJC_IMPLICIT_RETAIN_SELF = YES;
				CLANG_WARN_OBJC_LITERAL_CONVERSION = YES;
				CLANG_WARN_OBJC_ROOT_CLASS = YES_ERROR;
				CLANG_WARN_QUOTED_INCLUDE_IN_FRAMEWORK_HEADER = YES;
				CLANG_WARN_RANGE_LOOP_ANALYSIS = YES;
				CLANG_WARN_STRICT_PROTOTYPES = YES;
				CLANG_WARN_SUSPICIOUS_MOVE = YES;
				CLANG_WARN_UNGUARDED_AVAILABILITY = YES_AGGRESSIVE;
				CLANG_WARN_UNREACHABLE_CODE = YES;
				CLANG_WARN__DUPLICATE_METHOD_MATCH = YES;
				COPY_PHASE_STRIP = NO;
				DEBUG_INFORMATION_FORMAT = dwarf;
				ENABLE_STRICT_OBJC_MSGSEND = YES;
				ENABLE_TESTABILITY = YES;
				ENABLE_TESTING_SEARCH_PATHS = YES;
				GCC_C_LANGUAGE_STANDARD = gnu11;
				GCC_DYNAMIC_NO_PIC = NO;
				GCC_NO_COMMON_BLOCKS = YES;
				GCC_OPTIMIZATION_LEVEL = 0;
				GCC_PREPROCESSOR_DEFINITIONS = (
					"DEBUG=1",
					"$(inherited)",
				);
				GCC_WARN_64_TO_32_BIT_CONVERSION = YES;
				GCC_WARN_ABOUT_RETURN_TYPE = YES_ERROR;
				GCC_WARN_UNDECLARED_SELECTOR = YES;
				GCC_WARN_UNINITIALIZED_AUTOS = YES_AGGRESSIVE;
				GCC_WARN_UNUSED_FUNCTION = YES;
				GCC_WARN_UNUSED_VARIABLE = YES;
				IPHONEOS_DEPLOYMENT_TARGET = 15.4;
				MTL_ENABLE_DEBUG_INFO = INCLUDE_SOURCE;
				MTL_FAST_MATH = YES;
				ONLY_ACTIVE_ARCH = YES;
				SDKROOT = iphoneos;
				SWIFT_ACTIVE_COMPILATION_CONDITIONS = DEBUG;
				SWIFT_OPTIMIZATION_LEVEL = "-Onone";
			};
			name = Debug;
		};
		BD0A633928F7DFE600C080A5 /* Release */ = {
			isa = XCBuildConfiguration;
			buildSettings = {
				ALWAYS_SEARCH_USER_PATHS = NO;
				CLANG_ANALYZER_NONNULL = YES;
				CLANG_ANALYZER_NUMBER_OBJECT_CONVERSION = YES_AGGRESSIVE;
				CLANG_CXX_LANGUAGE_STANDARD = "gnu++17";
				CLANG_ENABLE_MODULES = YES;
				CLANG_ENABLE_OBJC_ARC = YES;
				CLANG_ENABLE_OBJC_WEAK = YES;
				CLANG_WARN_BLOCK_CAPTURE_AUTORELEASING = YES;
				CLANG_WARN_BOOL_CONVERSION = YES;
				CLANG_WARN_COMMA = YES;
				CLANG_WARN_CONSTANT_CONVERSION = YES;
				CLANG_WARN_DEPRECATED_OBJC_IMPLEMENTATIONS = YES;
				CLANG_WARN_DIRECT_OBJC_ISA_USAGE = YES_ERROR;
				CLANG_WARN_DOCUMENTATION_COMMENTS = YES;
				CLANG_WARN_EMPTY_BODY = YES;
				CLANG_WARN_ENUM_CONVERSION = YES;
				CLANG_WARN_INFINITE_RECURSION = YES;
				CLANG_WARN_INT_CONVERSION = YES;
				CLANG_WARN_NON_LITERAL_NULL_CONVERSION = YES;
				CLANG_WARN_OBJC_IMPLICIT_RETAIN_SELF = YES;
				CLANG_WARN_OBJC_LITERAL_CONVERSION = YES;
				CLANG_WARN_OBJC_ROOT_CLASS = YES_ERROR;
				CLANG_WARN_QUOTED_INCLUDE_IN_FRAMEWORK_HEADER = YES;
				CLANG_WARN_RANGE_LOOP_ANALYSIS = YES;
				CLANG_WARN_STRICT_PROTOTYPES = YES;
				CLANG_WARN_SUSPICIOUS_MOVE = YES;
				CLANG_WARN_UNGUARDED_AVAILABILITY = YES_AGGRESSIVE;
				CLANG_WARN_UNREACHABLE_CODE = YES;
				CLANG_WARN__DUPLICATE_METHOD_MATCH = YES;
				COPY_PHASE_STRIP = NO;
				DEBUG_INFORMATION_FORMAT = "dwarf-with-dsym";
				ENABLE_NS_ASSERTIONS = NO;
				ENABLE_STRICT_OBJC_MSGSEND = YES;
				ENABLE_TESTING_SEARCH_PATHS = YES;
				GCC_C_LANGUAGE_STANDARD = gnu11;
				GCC_NO_COMMON_BLOCKS = YES;
				GCC_WARN_64_TO_32_BIT_CONVERSION = YES;
				GCC_WARN_ABOUT_RETURN_TYPE = YES_ERROR;
				GCC_WARN_UNDECLARED_SELECTOR = YES;
				GCC_WARN_UNINITIALIZED_AUTOS = YES_AGGRESSIVE;
				GCC_WARN_UNUSED_FUNCTION = YES;
				GCC_WARN_UNUSED_VARIABLE = YES;
				IPHONEOS_DEPLOYMENT_TARGET = 15.4;
				MTL_ENABLE_DEBUG_INFO = NO;
				MTL_FAST_MATH = YES;
				SDKROOT = iphoneos;
				SWIFT_COMPILATION_MODE = wholemodule;
				SWIFT_OPTIMIZATION_LEVEL = "-O";
				VALIDATE_PRODUCT = YES;
			};
			name = Release;
		};
		BD0A633B28F7DFE600C080A5 /* Debug */ = {
			isa = XCBuildConfiguration;
			baseConfigurationReference = 1610CF9C23186786053799B8 /* Pods-GitHubSearchApp.debug.xcconfig */;
			buildSettings = {
				ASSETCATALOG_COMPILER_APPICON_NAME = AppIcon;
				ASSETCATALOG_COMPILER_GLOBAL_ACCENT_COLOR_NAME = AccentColor;
				CODE_SIGN_STYLE = Automatic;
				CURRENT_PROJECT_VERSION = 1;
				DEVELOPMENT_TEAM = T77G9YWYU5;
				GENERATE_INFOPLIST_FILE = YES;
				INFOPLIST_FILE = GitHubSearchApp/Resources/Info.plist;
				INFOPLIST_KEY_UIApplicationSupportsIndirectInputEvents = YES;
				INFOPLIST_KEY_UILaunchStoryboardName = LaunchScreen;
				INFOPLIST_KEY_UISupportedInterfaceOrientations = UIInterfaceOrientationPortrait;
				INFOPLIST_KEY_UISupportedInterfaceOrientations_iPad = "UIInterfaceOrientationPortrait UIInterfaceOrientationPortraitUpsideDown UIInterfaceOrientationLandscapeLeft UIInterfaceOrientationLandscapeRight";
				INFOPLIST_KEY_UISupportedInterfaceOrientations_iPhone = "UIInterfaceOrientationPortrait UIInterfaceOrientationLandscapeLeft UIInterfaceOrientationLandscapeRight";
				IPHONEOS_DEPLOYMENT_TARGET = 14.0;
				LD_RUNPATH_SEARCH_PATHS = (
					"$(inherited)",
					"@executable_path/Frameworks",
				);
				MARKETING_VERSION = 1.0;
				PRODUCT_BUNDLE_IDENTIFIER = com.GitHubSearchApp;
				PRODUCT_NAME = "$(TARGET_NAME)";
				SWIFT_EMIT_LOC_STRINGS = YES;
				SWIFT_VERSION = 5.0;
				TARGETED_DEVICE_FAMILY = 1;
			};
			name = Debug;
		};
		BD0A633C28F7DFE600C080A5 /* Release */ = {
			isa = XCBuildConfiguration;
			baseConfigurationReference = 48DEEDB577F67690C9B810AD /* Pods-GitHubSearchApp.release.xcconfig */;
			buildSettings = {
				ASSETCATALOG_COMPILER_APPICON_NAME = AppIcon;
				ASSETCATALOG_COMPILER_GLOBAL_ACCENT_COLOR_NAME = AccentColor;
				CODE_SIGN_STYLE = Automatic;
				CURRENT_PROJECT_VERSION = 1;
				DEVELOPMENT_TEAM = T77G9YWYU5;
				GENERATE_INFOPLIST_FILE = YES;
				INFOPLIST_FILE = GitHubSearchApp/Resources/Info.plist;
				INFOPLIST_KEY_UIApplicationSupportsIndirectInputEvents = YES;
				INFOPLIST_KEY_UILaunchStoryboardName = LaunchScreen;
				INFOPLIST_KEY_UISupportedInterfaceOrientations = UIInterfaceOrientationPortrait;
				INFOPLIST_KEY_UISupportedInterfaceOrientations_iPad = "UIInterfaceOrientationPortrait UIInterfaceOrientationPortraitUpsideDown UIInterfaceOrientationLandscapeLeft UIInterfaceOrientationLandscapeRight";
				INFOPLIST_KEY_UISupportedInterfaceOrientations_iPhone = "UIInterfaceOrientationPortrait UIInterfaceOrientationLandscapeLeft UIInterfaceOrientationLandscapeRight";
				IPHONEOS_DEPLOYMENT_TARGET = 14.0;
				LD_RUNPATH_SEARCH_PATHS = (
					"$(inherited)",
					"@executable_path/Frameworks",
				);
				MARKETING_VERSION = 1.0;
				PRODUCT_BUNDLE_IDENTIFIER = com.GitHubSearchApp;
				PRODUCT_NAME = "$(TARGET_NAME)";
				SWIFT_EMIT_LOC_STRINGS = YES;
				SWIFT_VERSION = 5.0;
				TARGETED_DEVICE_FAMILY = 1;
			};
			name = Release;
		};
		BDC09ED428FD2E790024507F /* Debug */ = {
			isa = XCBuildConfiguration;
			baseConfigurationReference = B119DB6275908EC99F5DDDE2 /* Pods-GitHubSearchAppTests.debug.xcconfig */;
			buildSettings = {
				BUNDLE_LOADER = "$(TEST_HOST)";
				CODE_SIGN_STYLE = Automatic;
				CURRENT_PROJECT_VERSION = 1;
				DEVELOPMENT_TEAM = T77G9YWYU5;
				GENERATE_INFOPLIST_FILE = YES;
				MARKETING_VERSION = 1.0;
				PRODUCT_BUNDLE_IDENTIFIER = com.GitHubSearchAppTests;
				PRODUCT_NAME = "$(TARGET_NAME)";
				SWIFT_EMIT_LOC_STRINGS = NO;
				SWIFT_VERSION = 5.0;
				TARGETED_DEVICE_FAMILY = "1,2";
				TEST_HOST = "$(BUILT_PRODUCTS_DIR)/GitHubSearchApp.app/GitHubSearchApp";
			};
			name = Debug;
		};
		BDC09ED528FD2E790024507F /* Release */ = {
			isa = XCBuildConfiguration;
			baseConfigurationReference = 39E34C15EAAFA15B88E4D462 /* Pods-GitHubSearchAppTests.release.xcconfig */;
			buildSettings = {
				BUNDLE_LOADER = "$(TEST_HOST)";
				CODE_SIGN_STYLE = Automatic;
				CURRENT_PROJECT_VERSION = 1;
				DEVELOPMENT_TEAM = T77G9YWYU5;
				GENERATE_INFOPLIST_FILE = YES;
				MARKETING_VERSION = 1.0;
				PRODUCT_BUNDLE_IDENTIFIER = com.GitHubSearchAppTests;
				PRODUCT_NAME = "$(TARGET_NAME)";
				SWIFT_EMIT_LOC_STRINGS = NO;
				SWIFT_VERSION = 5.0;
				TARGETED_DEVICE_FAMILY = "1,2";
				TEST_HOST = "$(BUILT_PRODUCTS_DIR)/GitHubSearchApp.app/GitHubSearchApp";
			};
			name = Release;
		};
/* End XCBuildConfiguration section */

/* Begin XCConfigurationList section */
		BD0A632128F7DFE400C080A5 /* Build configuration list for PBXProject "GitHubSearchApp" */ = {
			isa = XCConfigurationList;
			buildConfigurations = (
				BD0A633828F7DFE600C080A5 /* Debug */,
				BD0A633928F7DFE600C080A5 /* Release */,
			);
			defaultConfigurationIsVisible = 0;
			defaultConfigurationName = Release;
		};
		BD0A633A28F7DFE600C080A5 /* Build configuration list for PBXNativeTarget "GitHubSearchApp" */ = {
			isa = XCConfigurationList;
			buildConfigurations = (
				BD0A633B28F7DFE600C080A5 /* Debug */,
				BD0A633C28F7DFE600C080A5 /* Release */,
			);
			defaultConfigurationIsVisible = 0;
			defaultConfigurationName = Release;
		};
		BDC09ED328FD2E790024507F /* Build configuration list for PBXNativeTarget "GitHubSearchAppTests" */ = {
			isa = XCConfigurationList;
			buildConfigurations = (
				BDC09ED428FD2E790024507F /* Debug */,
				BDC09ED528FD2E790024507F /* Release */,
			);
			defaultConfigurationIsVisible = 0;
			defaultConfigurationName = Release;
		};
/* End XCConfigurationList section */
	};
	rootObject = BD0A631E28F7DFE400C080A5 /* Project object */;
}
