// !$*UTF8*$!
{
	archiveVersion = 1;
	classes = {
	};
	objectVersion = 55;
	objects = {

/* Begin PBXBuildFile section */
		BD0A632A28F7DFE400C080A5 /* AppDelegate.swift in Sources */ = {isa = PBXBuildFile; fileRef = BD0A632928F7DFE400C080A5 /* AppDelegate.swift */; };
		BD0A632C28F7DFE400C080A5 /* SceneDelegate.swift in Sources */ = {isa = PBXBuildFile; fileRef = BD0A632B28F7DFE400C080A5 /* SceneDelegate.swift */; };
		BD0A632E28F7DFE400C080A5 /* ViewController.swift in Sources */ = {isa = PBXBuildFile; fileRef = BD0A632D28F7DFE400C080A5 /* ViewController.swift */; };
		BD0A633328F7DFE600C080A5 /* Assets.xcassets in Resources */ = {isa = PBXBuildFile; fileRef = BD0A633228F7DFE600C080A5 /* Assets.xcassets */; };
		BD0A633628F7DFE600C080A5 /* LaunchScreen.storyboard in Resources */ = {isa = PBXBuildFile; fileRef = BD0A633428F7DFE600C080A5 /* LaunchScreen.storyboard */; };
		BD0A633E28F7E25E00C080A5 /* TabBarController.swift in Sources */ = {isa = PBXBuildFile; fileRef = BD0A633D28F7E25E00C080A5 /* TabBarController.swift */; };
		BD0A634028F7E2D500C080A5 /* SearchRepoViewController.swift in Sources */ = {isa = PBXBuildFile; fileRef = BD0A633F28F7E2D500C080A5 /* SearchRepoViewController.swift */; };
		BD0A634228F7E32700C080A5 /* FavoriteRepoViewController.swift in Sources */ = {isa = PBXBuildFile; fileRef = BD0A634128F7E32700C080A5 /* FavoriteRepoViewController.swift */; };
/* End PBXBuildFile section */

/* Begin PBXFileReference section */
		BD0A632628F7DFE400C080A5 /* GitHubSearchApp.app */ = {isa = PBXFileReference; explicitFileType = wrapper.application; includeInIndex = 0; path = GitHubSearchApp.app; sourceTree = BUILT_PRODUCTS_DIR; };
		BD0A632928F7DFE400C080A5 /* AppDelegate.swift */ = {isa = PBXFileReference; lastKnownFileType = sourcecode.swift; path = AppDelegate.swift; sourceTree = "<group>"; };
		BD0A632B28F7DFE400C080A5 /* SceneDelegate.swift */ = {isa = PBXFileReference; lastKnownFileType = sourcecode.swift; path = SceneDelegate.swift; sourceTree = "<group>"; };
		BD0A632D28F7DFE400C080A5 /* ViewController.swift */ = {isa = PBXFileReference; lastKnownFileType = sourcecode.swift; path = ViewController.swift; sourceTree = "<group>"; };
		BD0A633228F7DFE600C080A5 /* Assets.xcassets */ = {isa = PBXFileReference; lastKnownFileType = folder.assetcatalog; path = Assets.xcassets; sourceTree = "<group>"; };
		BD0A633528F7DFE600C080A5 /* Base */ = {isa = PBXFileReference; lastKnownFileType = file.storyboard; name = Base; path = Base.lproj/LaunchScreen.storyboard; sourceTree = "<group>"; };
		BD0A633728F7DFE600C080A5 /* Info.plist */ = {isa = PBXFileReference; lastKnownFileType = text.plist.xml; path = Info.plist; sourceTree = "<group>"; };
		BD0A633D28F7E25E00C080A5 /* TabBarController.swift */ = {isa = PBXFileReference; lastKnownFileType = sourcecode.swift; path = TabBarController.swift; sourceTree = "<group>"; };
		BD0A633F28F7E2D500C080A5 /* SearchRepoViewController.swift */ = {isa = PBXFileReference; lastKnownFileType = sourcecode.swift; path = SearchRepoViewController.swift; sourceTree = "<group>"; };
		BD0A634128F7E32700C080A5 /* FavoriteRepoViewController.swift */ = {isa = PBXFileReference; lastKnownFileType = sourcecode.swift; path = FavoriteRepoViewController.swift; sourceTree = "<group>"; };
/* End PBXFileReference section */

/* Begin PBXFrameworksBuildPhase section */
		BD0A632328F7DFE400C080A5 /* Frameworks */ = {
			isa = PBXFrameworksBuildPhase;
			buildActionMask = 2147483647;
			files = (
			);
			runOnlyForDeploymentPostprocessing = 0;
		};
/* End PBXFrameworksBuildPhase section */

/* Begin PBXGroup section */
		BD0A631D28F7DFE400C080A5 = {
			isa = PBXGroup;
			children = (
				BD0A632828F7DFE400C080A5 /* GitHubSearchApp */,
				BD0A632728F7DFE400C080A5 /* Products */,
			);
			sourceTree = "<group>";
		};
		BD0A632728F7DFE400C080A5 /* Products */ = {
			isa = PBXGroup;
			children = (
				BD0A632628F7DFE400C080A5 /* GitHubSearchApp.app */,
			);
			name = Products;
			sourceTree = "<group>";
		};
		BD0A632828F7DFE400C080A5 /* GitHubSearchApp */ = {
			isa = PBXGroup;
			children = (
				BD0A632928F7DFE400C080A5 /* AppDelegate.swift */,
				BD0A632B28F7DFE400C080A5 /* SceneDelegate.swift */,
				BD0A632D28F7DFE400C080A5 /* ViewController.swift */,
				BD0A633228F7DFE600C080A5 /* Assets.xcassets */,
				BD0A633428F7DFE600C080A5 /* LaunchScreen.storyboard */,
				BD0A633728F7DFE600C080A5 /* Info.plist */,
				BD0A633D28F7E25E00C080A5 /* TabBarController.swift */,
				BD0A633F28F7E2D500C080A5 /* SearchRepoViewController.swift */,
				BD0A634128F7E32700C080A5 /* FavoriteRepoViewController.swift */,
			);
			path = GitHubSearchApp;
			sourceTree = "<group>";
		};
/* End PBXGroup section */

/* Begin PBXNativeTarget section */
		BD0A632528F7DFE400C080A5 /* GitHubSearchApp */ = {
			isa = PBXNativeTarget;
			buildConfigurationList = BD0A633A28F7DFE600C080A5 /* Build configuration list for PBXNativeTarget "GitHubSearchApp" */;
			buildPhases = (
				BD0A632228F7DFE400C080A5 /* Sources */,
				BD0A632328F7DFE400C080A5 /* Frameworks */,
				BD0A632428F7DFE400C080A5 /* Resources */,
			);
			buildRules = (
			);
			dependencies = (
			);
			name = GitHubSearchApp;
			productName = GitHubSearchApp;
			productReference = BD0A632628F7DFE400C080A5 /* GitHubSearchApp.app */;
			productType = "com.apple.product-type.application";
		};
/* End PBXNativeTarget section */

/* Begin PBXProject section */
		BD0A631E28F7DFE400C080A5 /* Project object */ = {
			isa = PBXProject;
			attributes = {
				BuildIndependentTargetsInParallel = 1;
				LastSwiftUpdateCheck = 1330;
				LastUpgradeCheck = 1330;
				TargetAttributes = {
					BD0A632528F7DFE400C080A5 = {
						CreatedOnToolsVersion = 13.3;
					};
				};
			};
			buildConfigurationList = BD0A632128F7DFE400C080A5 /* Build configuration list for PBXProject "GitHubSearchApp" */;
			compatibilityVersion = "Xcode 13.0";
			developmentRegion = en;
			hasScannedForEncodings = 0;
			knownRegions = (
				en,
				Base,
			);
			mainGroup = BD0A631D28F7DFE400C080A5;
			productRefGroup = BD0A632728F7DFE400C080A5 /* Products */;
			projectDirPath = "";
			projectRoot = "";
			targets = (
				BD0A632528F7DFE400C080A5 /* GitHubSearchApp */,
			);
		};
/* End PBXProject section */

/* Begin PBXResourcesBuildPhase section */
		BD0A632428F7DFE400C080A5 /* Resources */ = {
			isa = PBXResourcesBuildPhase;
			buildActionMask = 2147483647;
			files = (
				BD0A633628F7DFE600C080A5 /* LaunchScreen.storyboard in Resources */,
				BD0A633328F7DFE600C080A5 /* Assets.xcassets in Resources */,
			);
			runOnlyForDeploymentPostprocessing = 0;
		};
/* End PBXResourcesBuildPhase section */

/* Begin PBXSourcesBuildPhase section */
		BD0A632228F7DFE400C080A5 /* Sources */ = {
			isa = PBXSourcesBuildPhase;
			buildActionMask = 2147483647;
			files = (
				BD0A634228F7E32700C080A5 /* FavoriteRepoViewController.swift in Sources */,
				BD0A632E28F7DFE400C080A5 /* ViewController.swift in Sources */,
				BD0A633E28F7E25E00C080A5 /* TabBarController.swift in Sources */,
				BD0A632A28F7DFE400C080A5 /* AppDelegate.swift in Sources */,
				BD0A634028F7E2D500C080A5 /* SearchRepoViewController.swift in Sources */,
				BD0A632C28F7DFE400C080A5 /* SceneDelegate.swift in Sources */,
			);
			runOnlyForDeploymentPostprocessing = 0;
		};
/* End PBXSourcesBuildPhase section */

/* Begin PBXVariantGroup section */
		BD0A633428F7DFE600C080A5 /* LaunchScreen.storyboard */ = {
			isa = PBXVariantGroup;
			children = (
				BD0A633528F7DFE600C080A5 /* Base */,
			);
			name = LaunchScreen.storyboard;
			sourceTree = "<group>";
		};
/* End PBXVariantGroup section */

/* Begin XCBuildConfiguration section */
		BD0A633828F7DFE600C080A5 /* Debug */ = {
			isa = XCBuildConfiguration;
			buildSettings = {
				ALWAYS_SEARCH_USER_PATHS = NO;
				CLANG_ANALYZER_NONNULL = YES;
				CLANG_ANALYZER_NUMBER_OBJECT_CONVERSION = YES_AGGRESSIVE;
				CLANG_CXX_LANGUAGE_STANDARD = "gnu++17";
				CLANG_ENABLE_MODULES = YES;
				CLANG_ENABLE_OBJC_ARC = YES;
				CLANG_ENABLE_OBJC_WEAK = YES;
				CLANG_WARN_BLOCK_CAPTURE_AUTORELEASING = YES;
				CLANG_WARN_BOOL_CONVERSION = YES;
				CLANG_WARN_COMMA = YES;
				CLANG_WARN_CONSTANT_CONVERSION = YES;
				CLANG_WARN_DEPRECATED_OBJC_IMPLEMENTATIONS = YES;
				CLANG_WARN_DIRECT_OBJC_ISA_USAGE = YES_ERROR;
				CLANG_WARN_DOCUMENTATION_COMMENTS = YES;
				CLANG_WARN_EMPTY_BODY = YES;
				CLANG_WARN_ENUM_CONVERSION = YES;
				CLANG_WARN_INFINITE_RECURSION = YES;
				CLANG_WARN_INT_CONVERSION = YES;
				CLANG_WARN_NON_LITERAL_NULL_CONVERSION = YES;
				CLANG_WARN_OBJC_IMPLICIT_RETAIN_SELF = YES;
				CLANG_WARN_OBJC_LITERAL_CONVERSION = YES;
				CLANG_WARN_OBJC_ROOT_CLASS = YES_ERROR;
				CLANG_WARN_QUOTED_INCLUDE_IN_FRAMEWORK_HEADER = YES;
				CLANG_WARN_RANGE_LOOP_ANALYSIS = YES;
				CLANG_WARN_STRICT_PROTOTYPES = YES;
				CLANG_WARN_SUSPICIOUS_MOVE = YES;
				CLANG_WARN_UNGUARDED_AVAILABILITY = YES_AGGRESSIVE;
				CLANG_WARN_UNREACHABLE_CODE = YES;
				CLANG_WARN__DUPLICATE_METHOD_MATCH = YES;
				COPY_PHASE_STRIP = NO;
				DEBUG_INFORMATION_FORMAT = dwarf;
				ENABLE_STRICT_OBJC_MSGSEND = YES;
				ENABLE_TESTABILITY = YES;
				GCC_C_LANGUAGE_STANDARD = gnu11;
				GCC_DYNAMIC_NO_PIC = NO;
				GCC_NO_COMMON_BLOCKS = YES;
				GCC_OPTIMIZATION_LEVEL = 0;
				GCC_PREPROCESSOR_DEFINITIONS = (
					"DEBUG=1",
					"$(inherited)",
				);
				GCC_WARN_64_TO_32_BIT_CONVERSION = YES;
				GCC_WARN_ABOUT_RETURN_TYPE = YES_ERROR;
				GCC_WARN_UNDECLARED_SELECTOR = YES;
				GCC_WARN_UNINITIALIZED_AUTOS = YES_AGGRESSIVE;
				GCC_WARN_UNUSED_FUNCTION = YES;
				GCC_WARN_UNUSED_VARIABLE = YES;
				IPHONEOS_DEPLOYMENT_TARGET = 15.4;
				MTL_ENABLE_DEBUG_INFO = INCLUDE_SOURCE;
				MTL_FAST_MATH = YES;
				ONLY_ACTIVE_ARCH = YES;
				SDKROOT = iphoneos;
				SWIFT_ACTIVE_COMPILATION_CONDITIONS = DEBUG;
				SWIFT_OPTIMIZATION_LEVEL = "-Onone";
			};
			name = Debug;
		};
		BD0A633928F7DFE600C080A5 /* Release */ = {
			isa = XCBuildConfiguration;
			buildSettings = {
				ALWAYS_SEARCH_USER_PATHS = NO;
				CLANG_ANALYZER_NONNULL = YES;
				CLANG_ANALYZER_NUMBER_OBJECT_CONVERSION = YES_AGGRESSIVE;
				CLANG_CXX_LANGUAGE_STANDARD = "gnu++17";
				CLANG_ENABLE_MODULES = YES;
				CLANG_ENABLE_OBJC_ARC = YES;
				CLANG_ENABLE_OBJC_WEAK = YES;
				CLANG_WARN_BLOCK_CAPTURE_AUTORELEASING = YES;
				CLANG_WARN_BOOL_CONVERSION = YES;
				CLANG_WARN_COMMA = YES;
				CLANG_WARN_CONSTANT_CONVERSION = YES;
				CLANG_WARN_DEPRECATED_OBJC_IMPLEMENTATIONS = YES;
				CLANG_WARN_DIRECT_OBJC_ISA_USAGE = YES_ERROR;
				CLANG_WARN_DOCUMENTATION_COMMENTS = YES;
				CLANG_WARN_EMPTY_BODY = YES;
				CLANG_WARN_ENUM_CONVERSION = YES;
				CLANG_WARN_INFINITE_RECURSION = YES;
				CLANG_WARN_INT_CONVERSION = YES;
				CLANG_WARN_NON_LITERAL_NULL_CONVERSION = YES;
				CLANG_WARN_OBJC_IMPLICIT_RETAIN_SELF = YES;
				CLANG_WARN_OBJC_LITERAL_CONVERSION = YES;
				CLANG_WARN_OBJC_ROOT_CLASS = YES_ERROR;
				CLANG_WARN_QUOTED_INCLUDE_IN_FRAMEWORK_HEADER = YES;
				CLANG_WARN_RANGE_LOOP_ANALYSIS = YES;
				CLANG_WARN_STRICT_PROTOTYPES = YES;
				CLANG_WARN_SUSPICIOUS_MOVE = YES;
				CLANG_WARN_UNGUARDED_AVAILABILITY = YES_AGGRESSIVE;
				CLANG_WARN_UNREACHABLE_CODE = YES;
				CLANG_WARN__DUPLICATE_METHOD_MATCH = YES;
				COPY_PHASE_STRIP = NO;
				DEBUG_INFORMATION_FORMAT = "dwarf-with-dsym";
				ENABLE_NS_ASSERTIONS = NO;
				ENABLE_STRICT_OBJC_MSGSEND = YES;
				GCC_C_LANGUAGE_STANDARD = gnu11;
				GCC_NO_COMMON_BLOCKS = YES;
				GCC_WARN_64_TO_32_BIT_CONVERSION = YES;
				GCC_WARN_ABOUT_RETURN_TYPE = YES_ERROR;
				GCC_WARN_UNDECLARED_SELECTOR = YES;
				GCC_WARN_UNINITIALIZED_AUTOS = YES_AGGRESSIVE;
				GCC_WARN_UNUSED_FUNCTION = YES;
				GCC_WARN_UNUSED_VARIABLE = YES;
				IPHONEOS_DEPLOYMENT_TARGET = 15.4;
				MTL_ENABLE_DEBUG_INFO = NO;
				MTL_FAST_MATH = YES;
				SDKROOT = iphoneos;
				SWIFT_COMPILATION_MODE = wholemodule;
				SWIFT_OPTIMIZATION_LEVEL = "-O";
				VALIDATE_PRODUCT = YES;
			};
			name = Release;
		};
		BD0A633B28F7DFE600C080A5 /* Debug */ = {
			isa = XCBuildConfiguration;
			buildSettings = {
				ASSETCATALOG_COMPILER_APPICON_NAME = AppIcon;
				ASSETCATALOG_COMPILER_GLOBAL_ACCENT_COLOR_NAME = AccentColor;
				CODE_SIGN_STYLE = Automatic;
				CURRENT_PROJECT_VERSION = 1;
				DEVELOPMENT_TEAM = T77G9YWYU5;
				GENERATE_INFOPLIST_FILE = YES;
				INFOPLIST_FILE = GitHubSearchApp/Info.plist;
				INFOPLIST_KEY_UIApplicationSupportsIndirectInputEvents = YES;
				INFOPLIST_KEY_UILaunchStoryboardName = LaunchScreen;
				INFOPLIST_KEY_UISupportedInterfaceOrientations = UIInterfaceOrientationPortrait;
				INFOPLIST_KEY_UISupportedInterfaceOrientations_iPad = "UIInterfaceOrientationPortrait UIInterfaceOrientationPortraitUpsideDown UIInterfaceOrientationLandscapeLeft UIInterfaceOrientationLandscapeRight";
				INFOPLIST_KEY_UISupportedInterfaceOrientations_iPhone = "UIInterfaceOrientationPortrait UIInterfaceOrientationLandscapeLeft UIInterfaceOrientationLandscapeRight";
				IPHONEOS_DEPLOYMENT_TARGET = 14.0;
				LD_RUNPATH_SEARCH_PATHS = (
					"$(inherited)",
					"@executable_path/Frameworks",
				);
				MARKETING_VERSION = 1.0;
				PRODUCT_BUNDLE_IDENTIFIER = com.GitHubSearchApp;
				PRODUCT_NAME = "$(TARGET_NAME)";
				SWIFT_EMIT_LOC_STRINGS = YES;
				SWIFT_VERSION = 5.0;
				TARGETED_DEVICE_FAMILY = 1;
			};
			name = Debug;
		};
		BD0A633C28F7DFE600C080A5 /* Release */ = {
			isa = XCBuildConfiguration;
			buildSettings = {
				ASSETCATALOG_COMPILER_APPICON_NAME = AppIcon;
				ASSETCATALOG_COMPILER_GLOBAL_ACCENT_COLOR_NAME = AccentColor;
				CODE_SIGN_STYLE = Automatic;
				CURRENT_PROJECT_VERSION = 1;
				DEVELOPMENT_TEAM = T77G9YWYU5;
				GENERATE_INFOPLIST_FILE = YES;
				INFOPLIST_FILE = GitHubSearchApp/Info.plist;
				INFOPLIST_KEY_UIApplicationSupportsIndirectInputEvents = YES;
				INFOPLIST_KEY_UILaunchStoryboardName = LaunchScreen;
				INFOPLIST_KEY_UISupportedInterfaceOrientations = UIInterfaceOrientationPortrait;
				INFOPLIST_KEY_UISupportedInterfaceOrientations_iPad = "UIInterfaceOrientationPortrait UIInterfaceOrientationPortraitUpsideDown UIInterfaceOrientationLandscapeLeft UIInterfaceOrientationLandscapeRight";
				INFOPLIST_KEY_UISupportedInterfaceOrientations_iPhone = "UIInterfaceOrientationPortrait UIInterfaceOrientationLandscapeLeft UIInterfaceOrientationLandscapeRight";
				IPHONEOS_DEPLOYMENT_TARGET = 14.0;
				LD_RUNPATH_SEARCH_PATHS = (
					"$(inherited)",
					"@executable_path/Frameworks",
				);
				MARKETING_VERSION = 1.0;
				PRODUCT_BUNDLE_IDENTIFIER = com.GitHubSearchApp;
				PRODUCT_NAME = "$(TARGET_NAME)";
				SWIFT_EMIT_LOC_STRINGS = YES;
				SWIFT_VERSION = 5.0;
				TARGETED_DEVICE_FAMILY = 1;
			};
			name = Release;
		};
/* End XCBuildConfiguration section */

/* Begin XCConfigurationList section */
		BD0A632128F7DFE400C080A5 /* Build configuration list for PBXProject "GitHubSearchApp" */ = {
			isa = XCConfigurationList;
			buildConfigurations = (
				BD0A633828F7DFE600C080A5 /* Debug */,
				BD0A633928F7DFE600C080A5 /* Release */,
			);
			defaultConfigurationIsVisible = 0;
			defaultConfigurationName = Release;
		};
		BD0A633A28F7DFE600C080A5 /* Build configuration list for PBXNativeTarget "GitHubSearchApp" */ = {
			isa = XCConfigurationList;
			buildConfigurations = (
				BD0A633B28F7DFE600C080A5 /* Debug */,
				BD0A633C28F7DFE600C080A5 /* Release */,
			);
			defaultConfigurationIsVisible = 0;
			defaultConfigurationName = Release;
		};
/* End XCConfigurationList section */
	};
	rootObject = BD0A631E28F7DFE400C080A5 /* Project object */;
}
